
Microsoft Visual Studio Solution File, Format Version 12.00
# Visual Studio 15
VisualStudioVersion = 15.0.26124.0
MinimumVisualStudioVersion = 15.0.26124.0
Project("{FAE04EC0-301F-11D3-BF4B-00C04F79EFBC}") = "entitysystem", "entitysystem\entitysystem.csproj", "{181E5884-19A8-4A79-A264-6B9373229273}"
EndProject
Project("{FAE04EC0-301F-11D3-BF4B-00C04F79EFBC}") = "entitysystem.test", "entitysystem.test\entitysystem.test.csproj", "{27B10AAB-5191-4429-896B-A5A1CC45F45D}"
EndProject
Global
	GlobalSection(SolutionConfigurationPlatforms) = preSolution
		Debug|Any CPU = Debug|Any CPU
		Debug|x64 = Debug|x64
		Debug|x86 = Debug|x86
		Release|Any CPU = Release|Any CPU
		Release|x64 = Release|x64
		Release|x86 = Release|x86
	EndGlobalSection
	GlobalSection(SolutionProperties) = preSolution
		HideSolutionNode = FALSE
	EndGlobalSection
	GlobalSection(ProjectConfigurationPlatforms) = postSolution
		{181E5884-19A8-4A79-A264-6B9373229273}.Debug|Any CPU.ActiveCfg = Debug|Any CPU
		{181E5884-19A8-4A79-A264-6B9373229273}.Debug|Any CPU.Build.0 = Debug|Any CPU
		{181E5884-19A8-4A79-A264-6B9373229273}.Debug|x64.ActiveCfg = Debug|Any CPU
		{181E5884-19A8-4A79-A264-6B9373229273}.Debug|x64.Build.0 = Debug|Any CPU
		{181E5884-19A8-4A79-A264-6B9373229273}.Debug|x86.ActiveCfg = Debug|Any CPU
		{181E5884-19A8-4A79-A264-6B9373229273}.Debug|x86.Build.0 = Debug|Any CPU
		{181E5884-19A8-4A79-A264-6B9373229273}.Release|Any CPU.ActiveCfg = Release|Any CPU
		{181E5884-19A8-4A79-A264-6B9373229273}.Release|Any CPU.Build.0 = Release|Any CPU
		{181E5884-19A8-4A79-A264-6B9373229273}.Release|x64.ActiveCfg = Release|Any CPU
		{181E5884-19A8-4A79-A264-6B9373229273}.Release|x64.Build.0 = Release|Any CPU
		{181E5884-19A8-4A79-A264-6B9373229273}.Release|x86.ActiveCfg = Release|Any CPU
		{181E5884-19A8-4A79-A264-6B9373229273}.Release|x86.Build.0 = Release|Any CPU
		{27B10AAB-5191-4429-896B-A5A1CC45F45D}.Debug|Any CPU.ActiveCfg = Debug|Any CPU
		{27B10AAB-5191-4429-896B-A5A1CC45F45D}.Debug|Any CPU.Build.0 = Debug|Any CPU
		{27B10AAB-5191-4429-896B-A5A1CC45F45D}.Debug|x64.ActiveCfg = Debug|Any CPU
		{27B10AAB-5191-4429-896B-A5A1CC45F45D}.Debug|x64.Build.0 = Debug|Any CPU
		{27B10AAB-5191-4429-896B-A5A1CC45F45D}.Debug|x86.ActiveCfg = Debug|Any CPU
		{27B10AAB-5191-4429-896B-A5A1CC45F45D}.Debug|x86.Build.0 = Debug|Any CPU
		{27B10AAB-5191-4429-896B-A5A1CC45F45D}.Release|Any CPU.ActiveCfg = Release|Any CPU
		{27B10AAB-5191-4429-896B-A5A1CC45F45D}.Release|Any CPU.Build.0 = Release|Any CPU
		{27B10AAB-5191-4429-896B-A5A1CC45F45D}.Release|x64.ActiveCfg = Release|Any CPU
		{27B10AAB-5191-4429-896B-A5A1CC45F45D}.Release|x64.Build.0 = Release|Any CPU
		{27B10AAB-5191-4429-896B-A5A1CC45F45D}.Release|x86.ActiveCfg = Release|Any CPU
		{27B10AAB-5191-4429-896B-A5A1CC45F45D}.Release|x86.Build.0 = Release|Any CPU
	EndGlobalSection
EndGlobal
